{
  "name": "sudoku",
  "lockfileVersion": 2,
  "requires": true,
  "packages": {
    "": {
      "dependencies": {
        "canvasui-js": "^1.0.0"
      }
    },
    "node_modules/canvasui-js": {
      "version": "1.0.0",
      "resolved": "https://registry.npmjs.org/canvasui-js/-/canvasui-js-1.0.0.tgz",
      "integrity": "sha512-L4oz41SBVnF5r2G+pxUGKCyhgcYUyZyb8x7BKHtxiCkIjOSv7S3AfhiQyZ1Z6zF3GFmYcYcUSlztNZGGwN+ZYg=="
    }
  },
  "dependencies": {
    "canvasui-js": {
      "version": "1.0.0",
      "resolved": "https://registry.npmjs.org/canvasui-js/-/canvasui-js-1.0.0.tgz",
      "integrity": "sha512-L4oz41SBVnF5r2G+pxUGKCyhgcYUyZyb8x7BKHtxiCkIjOSv7S3AfhiQyZ1Z6zF3GFmYcYcUSlztNZGGwN+ZYg=="
    }
  }
}
